
Microsoft Visual Studio Solution File, Format Version 12.00
# Visual Studio 2012
Project("{F184B08F-C81C-45F6-A57F-5ABD9991F28F}") = "pharmacystore", "pharmacystore\pharmacystore.vbproj", "{E24FE5B5-C755-4254-AD06-73A5BD34A623}"
EndProject
Global
	GlobalSection(SolutionConfigurationPlatforms) = preSolution
		Debug|Any CPU = Debug|Any CPU
		Release|Any CPU = Release|Any CPU
	EndGlobalSection
	GlobalSection(ProjectConfigurationPlatforms) = postSolution
		{E24FE5B5-C755-4254-AD06-73A5BD34A623}.Debug|Any CPU.ActiveCfg = Debug|Any CPU
		{E24FE5B5-C755-4254-AD06-73A5BD34A623}.Debug|Any CPU.Build.0 = Debug|Any CPU
		{E24FE5B5-C755-4254-AD06-73A5BD34A623}.Release|Any CPU.ActiveCfg = Release|Any CPU
		{E24FE5B5-C755-4254-AD06-73A5BD34A623}.Release|Any CPU.Build.0 = Release|Any CPU
	EndGlobalSection
	GlobalSection(SolutionProperties) = preSolution
		HideSolutionNode = FALSE
	EndGlobalSection
EndGlobal
